// !$*UTF8*$!
{
	archiveVersion = 1;
	classes = {
	};
	objectVersion = 60;
	objects = {

/* Begin PBXBuildFile section */
		837DAF552C33B969008621AB /* Memorize1_0App.swift in Sources */ = {isa = PBXBuildFile; fileRef = 837DAF542C33B969008621AB /* Memorize1_0App.swift */; };
		837DAF572C33B969008621AB /* ContentView.swift in Sources */ = {isa = PBXBuildFile; fileRef = 837DAF562C33B969008621AB /* ContentView.swift */; };
		837DAF592C33B96A008621AB /* Assets.xcassets in Resources */ = {isa = PBXBuildFile; fileRef = 837DAF582C33B96A008621AB /* Assets.xcassets */; };
		837DAF5C2C33B96A008621AB /* Preview Assets.xcassets in Resources */ = {isa = PBXBuildFile; fileRef = 837DAF5B2C33B96A008621AB /* Preview Assets.xcassets */; };
		837DAF662C33B96A008621AB /* Memorize1_0Tests.swift in Sources */ = {isa = PBXBuildFile; fileRef = 837DAF652C33B96A008621AB /* Memorize1_0Tests.swift */; };
		837DAF702C33B96A008621AB /* Memorize1_0UITests.swift in Sources */ = {isa = PBXBuildFile; fileRef = 837DAF6F2C33B96A008621AB /* Memorize1_0UITests.swift */; };
		837DAF722C33B96A008621AB /* Memorize1_0UITestsLaunchTests.swift in Sources */ = {isa = PBXBuildFile; fileRef = 837DAF712C33B96A008621AB /* Memorize1_0UITestsLaunchTests.swift */; };
/* End PBXBuildFile section */

/* Begin PBXContainerItemProxy section */
		837DAF622C33B96A008621AB /* PBXContainerItemProxy */ = {
			isa = PBXContainerItemProxy;
			containerPortal = 837DAF492C33B969008621AB /* Project object */;
			proxyType = 1;
			remoteGlobalIDString = 837DAF502C33B969008621AB;
			remoteInfo = Memorize1.0;
		};
		837DAF6C2C33B96A008621AB /* PBXContainerItemProxy */ = {
			isa = PBXContainerItemProxy;
			containerPortal = 837DAF492C33B969008621AB /* Project object */;
			proxyType = 1;
			remoteGlobalIDString = 837DAF502C33B969008621AB;
			remoteInfo = Memorize1.0;
		};
/* End PBXContainerItemProxy section */

/* Begin PBXFileReference section */
		837DAF512C33B969008621AB /* Memorize1.0.app */ = {isa = PBXFileReference; explicitFileType = wrapper.application; includeInIndex = 0; path = Memorize1.0.app; sourceTree = BUILT_PRODUCTS_DIR; };
		837DAF542C33B969008621AB /* Memorize1_0App.swift */ = {isa = PBXFileReference; lastKnownFileType = sourcecode.swift; path = Memorize1_0App.swift; sourceTree = "<group>"; };
		837DAF562C33B969008621AB /* ContentView.swift */ = {isa = PBXFileReference; lastKnownFileType = sourcecode.swift; path = ContentView.swift; sourceTree = "<group>"; };
		837DAF582C33B96A008621AB /* Assets.xcassets */ = {isa = PBXFileReference; lastKnownFileType = folder.assetcatalog; path = Assets.xcassets; sourceTree = "<group>"; };
		837DAF5B2C33B96A008621AB /* Preview Assets.xcassets */ = {isa = PBXFileReference; lastKnownFileType = folder.assetcatalog; path = "Preview Assets.xcassets"; sourceTree = "<group>"; };
		837DAF612C33B96A008621AB /* Memorize1.0Tests.xctest */ = {isa = PBXFileReference; explicitFileType = wrapper.cfbundle; includeInIndex = 0; path = Memorize1.0Tests.xctest; sourceTree = BUILT_PRODUCTS_DIR; };
		837DAF652C33B96A008621AB /* Memorize1_0Tests.swift */ = {isa = PBXFileReference; lastKnownFileType = sourcecode.swift; path = Memorize1_0Tests.swift; sourceTree = "<group>"; };
		837DAF6B2C33B96A008621AB /* Memorize1.0UITests.xctest */ = {isa = PBXFileReference; explicitFileType = wrapper.cfbundle; includeInIndex = 0; path = Memorize1.0UITests.xctest; sourceTree = BUILT_PRODUCTS_DIR; };
		837DAF6F2C33B96A008621AB /* Memorize1_0UITests.swift */ = {isa = PBXFileReference; lastKnownFileType = sourcecode.swift; path = Memorize1_0UITests.swift; sourceTree = "<group>"; };
		837DAF712C33B96A008621AB /* Memorize1_0UITestsLaunchTests.swift */ = {isa = PBXFileReference; lastKnownFileType = sourcecode.swift; path = Memorize1_0UITestsLaunchTests.swift; sourceTree = "<group>"; };
/* End PBXFileReference section */

/* Begin PBXFrameworksBuildPhase section */
		837DAF4E2C33B969008621AB /* Frameworks */ = {
			isa = PBXFrameworksBuildPhase;
			buildActionMask = 2147483647;
			files = (
			);
			runOnlyForDeploymentPostprocessing = 0;
		};
		837DAF5E2C33B96A008621AB /* Frameworks */ = {
			isa = PBXFrameworksBuildPhase;
			buildActionMask = 2147483647;
			files = (
			);
			runOnlyForDeploymentPostprocessing = 0;
		};
		837DAF682C33B96A008621AB /* Frameworks */ = {
			isa = PBXFrameworksBuildPhase;
			buildActionMask = 2147483647;
			files = (
			);
			runOnlyForDeploymentPostprocessing = 0;
		};
/* End PBXFrameworksBuildPhase section */

/* Begin PBXGroup section */
		837DAF482C33B969008621AB = {
			isa = PBXGroup;
			children = (
				837DAF532C33B969008621AB /* Memorize1.0 */,
				837DAF642C33B96A008621AB /* Memorize1.0Tests */,
				837DAF6E2C33B96A008621AB /* Memorize1.0UITests */,
				837DAF522C33B969008621AB /* Products */,
			);
			sourceTree = "<group>";
		};
		837DAF522C33B969008621AB /* Products */ = {
			isa = PBXGroup;
			children = (
				837DAF512C33B969008621AB /* Memorize1.0.app */,
				837DAF612C33B96A008621AB /* Memorize1.0Tests.xctest */,
				837DAF6B2C33B96A008621AB /* Memorize1.0UITests.xctest */,
			);
			name = Products;
			sourceTree = "<group>";
		};
		837DAF532C33B969008621AB /* Memorize1.0 */ = {
			isa = PBXGroup;
			children = (
				837DAF542C33B969008621AB /* Memorize1_0App.swift */,
				837DAF562C33B969008621AB /* ContentView.swift */,
				837DAF582C33B96A008621AB /* Assets.xcassets */,
				837DAF5A2C33B96A008621AB /* Preview Content */,
			);
			path = Memorize1.0;
			sourceTree = "<group>";
		};
		837DAF5A2C33B96A008621AB /* Preview Content */ = {
			isa = PBXGroup;
			children = (
				837DAF5B2C33B96A008621AB /* Preview Assets.xcassets */,
			);
			path = "Preview Content";
			sourceTree = "<group>";
		};
		837DAF642C33B96A008621AB /* Memorize1.0Tests */ = {
			isa = PBXGroup;
			children = (
				837DAF652C33B96A008621AB /* Memorize1_0Tests.swift */,
			);
			path = Memorize1.0Tests;
			sourceTree = "<group>";
		};
		837DAF6E2C33B96A008621AB /* Memorize1.0UITests */ = {
			isa = PBXGroup;
			children = (
				837DAF6F2C33B96A008621AB /* Memorize1_0UITests.swift */,
				837DAF712C33B96A008621AB /* Memorize1_0UITestsLaunchTests.swift */,
			);
			path = Memorize1.0UITests;
			sourceTree = "<group>";
		};
/* End PBXGroup section */

/* Begin PBXNativeTarget section */
		837DAF502C33B969008621AB /* Memorize1.0 */ = {
			isa = PBXNativeTarget;
			buildConfigurationList = 837DAF752C33B96A008621AB /* Build configuration list for PBXNativeTarget "Memorize1.0" */;
			buildPhases = (
				837DAF4D2C33B969008621AB /* Sources */,
				837DAF4E2C33B969008621AB /* Frameworks */,
				837DAF4F2C33B969008621AB /* Resources */,
			);
			buildRules = (
			);
			dependencies = (
			);
			name = Memorize1.0;
			productName = Memorize1.0;
			productReference = 837DAF512C33B969008621AB /* Memorize1.0.app */;
			productType = "com.apple.product-type.application";
		};
		837DAF602C33B96A008621AB /* Memorize1.0Tests */ = {
			isa = PBXNativeTarget;
			buildConfigurationList = 837DAF782C33B96A008621AB /* Build configuration list for PBXNativeTarget "Memorize1.0Tests" */;
			buildPhases = (
				837DAF5D2C33B96A008621AB /* Sources */,
				837DAF5E2C33B96A008621AB /* Frameworks */,
				837DAF5F2C33B96A008621AB /* Resources */,
			);
			buildRules = (
			);
			dependencies = (
				837DAF632C33B96A008621AB /* PBXTargetDependency */,
			);
			name = Memorize1.0Tests;
			productName = Memorize1.0Tests;
			productReference = 837DAF612C33B96A008621AB /* Memorize1.0Tests.xctest */;
			productType = "com.apple.product-type.bundle.unit-test";
		};
		837DAF6A2C33B96A008621AB /* Memorize1.0UITests */ = {
			isa = PBXNativeTarget;
			buildConfigurationList = 837DAF7B2C33B96A008621AB /* Build configuration list for PBXNativeTarget "Memorize1.0UITests" */;
			buildPhases = (
				837DAF672C33B96A008621AB /* Sources */,
				837DAF682C33B96A008621AB /* Frameworks */,
				837DAF692C33B96A008621AB /* Resources */,
			);
			buildRules = (
			);
			dependencies = (
				837DAF6D2C33B96A008621AB /* PBXTargetDependency */,
			);
			name = Memorize1.0UITests;
			productName = Memorize1.0UITests;
			productReference = 837DAF6B2C33B96A008621AB /* Memorize1.0UITests.xctest */;
			productType = "com.apple.product-type.bundle.ui-testing";
		};
/* End PBXNativeTarget section */

/* Begin PBXProject section */
		837DAF492C33B969008621AB /* Project object */ = {
			isa = PBXProject;
			attributes = {
				BuildIndependentTargetsInParallel = 1;
				LastSwiftUpdateCheck = 1600;
				LastUpgradeCheck = 1600;
				TargetAttributes = {
					837DAF502C33B969008621AB = {
						CreatedOnToolsVersion = 16.0;
					};
					837DAF602C33B96A008621AB = {
						CreatedOnToolsVersion = 16.0;
						TestTargetID = 837DAF502C33B969008621AB;
					};
					837DAF6A2C33B96A008621AB = {
						CreatedOnToolsVersion = 16.0;
						TestTargetID = 837DAF502C33B969008621AB;
					};
				};
			};
			buildConfigurationList = 837DAF4C2C33B969008621AB /* Build configuration list for PBXProject "Memorize1.0" */;
			compatibilityVersion = "Xcode 15.0";
			developmentRegion = en;
			hasScannedForEncodings = 0;
			knownRegions = (
				en,
				Base,
			);
			mainGroup = 837DAF482C33B969008621AB;
			productRefGroup = 837DAF522C33B969008621AB /* Products */;
			projectDirPath = "";
			projectRoot = "";
			targets = (
				837DAF502C33B969008621AB /* Memorize1.0 */,
				837DAF602C33B96A008621AB /* Memorize1.0Tests */,
				837DAF6A2C33B96A008621AB /* Memorize1.0UITests */,
			);
		};
/* End PBXProject section */

/* Begin PBXResourcesBuildPhase section */
		837DAF4F2C33B969008621AB /* Resources */ = {
			isa = PBXResourcesBuildPhase;
			buildActionMask = 2147483647;
			files = (
				837DAF5C2C33B96A008621AB /* Preview Assets.xcassets in Resources */,
				837DAF592C33B96A008621AB /* Assets.xcassets in Resources */,
			);
			runOnlyForDeploymentPostprocessing = 0;
		};
		837DAF5F2C33B96A008621AB /* Resources */ = {
			isa = PBXResourcesBuildPhase;
			buildActionMask = 2147483647;
			files = (
			);
			runOnlyForDeploymentPostprocessing = 0;
		};
		837DAF692C33B96A008621AB /* Resources */ = {
			isa = PBXResourcesBuildPhase;
			buildActionMask = 2147483647;
			files = (
			);
			runOnlyForDeploymentPostprocessing = 0;
		};
/* End PBXResourcesBuildPhase section */

/* Begin PBXSourcesBuildPhase section */
		837DAF4D2C33B969008621AB /* Sources */ = {
			isa = PBXSourcesBuildPhase;
			buildActionMask = 2147483647;
			files = (
				837DAF572C33B969008621AB /* ContentView.swift in Sources */,
				837DAF552C33B969008621AB /* Memorize1_0App.swift in Sources */,
			);
			runOnlyForDeploymentPostprocessing = 0;
		};
		837DAF5D2C33B96A008621AB /* Sources */ = {
			isa = PBXSourcesBuildPhase;
			buildActionMask = 2147483647;
			files = (
				837DAF662C33B96A008621AB /* Memorize1_0Tests.swift in Sources */,
			);
			runOnlyForDeploymentPostprocessing = 0;
		};
		837DAF672C33B96A008621AB /* Sources */ = {
			isa = PBXSourcesBuildPhase;
			buildActionMask = 2147483647;
			files = (
				837DAF702C33B96A008621AB /* Memorize1_0UITests.swift in Sources */,
				837DAF722C33B96A008621AB /* Memorize1_0UITestsLaunchTests.swift in Sources */,
			);
			runOnlyForDeploymentPostprocessing = 0;
		};
/* End PBXSourcesBuildPhase section */

/* Begin PBXTargetDependency section */
		837DAF632C33B96A008621AB /* PBXTargetDependency */ = {
			isa = PBXTargetDependency;
			target = 837DAF502C33B969008621AB /* Memorize1.0 */;
			targetProxy = 837DAF622C33B96A008621AB /* PBXContainerItemProxy */;
		};
		837DAF6D2C33B96A008621AB /* PBXTargetDependency */ = {
			isa = PBXTargetDependency;
			target = 837DAF502C33B969008621AB /* Memorize1.0 */;
			targetProxy = 837DAF6C2C33B96A008621AB /* PBXContainerItemProxy */;
		};
/* End PBXTargetDependency section */

/* Begin XCBuildConfiguration section */
		837DAF732C33B96A008621AB /* Debug */ = {
			isa = XCBuildConfiguration;
			buildSettings = {
				ALWAYS_SEARCH_USER_PATHS = NO;
				ASSETCATALOG_COMPILER_GENERATE_SWIFT_ASSET_SYMBOL_EXTENSIONS = YES;
				CLANG_ANALYZER_NONNULL = YES;
				CLANG_ANALYZER_NUMBER_OBJECT_CONVERSION = YES_AGGRESSIVE;
				CLANG_CXX_LANGUAGE_STANDARD = "gnu++20";
				CLANG_ENABLE_MODULES = YES;
				CLANG_ENABLE_OBJC_ARC = YES;
				CLANG_ENABLE_OBJC_WEAK = YES;
				CLANG_WARN_BLOCK_CAPTURE_AUTORELEASING = YES;
				CLANG_WARN_BOOL_CONVERSION = YES;
				CLANG_WARN_COMMA = YES;
				CLANG_WARN_CONSTANT_CONVERSION = YES;
				CLANG_WARN_DEPRECATED_OBJC_IMPLEMENTATIONS = YES;
				CLANG_WARN_DIRECT_OBJC_ISA_USAGE = YES_ERROR;
				CLANG_WARN_DOCUMENTATION_COMMENTS = YES;
				CLANG_WARN_EMPTY_BODY = YES;
				CLANG_WARN_ENUM_CONVERSION = YES;
				CLANG_WARN_INFINITE_RECURSION = YES;
				CLANG_WARN_INT_CONVERSION = YES;
				CLANG_WARN_NON_LITERAL_NULL_CONVERSION = YES;
				CLANG_WARN_OBJC_IMPLICIT_RETAIN_SELF = YES;
				CLANG_WARN_OBJC_LITERAL_CONVERSION = YES;
				CLANG_WARN_OBJC_ROOT_CLASS = YES_ERROR;
				CLANG_WARN_QUOTED_INCLUDE_IN_FRAMEWORK_HEADER = YES;
				CLANG_WARN_RANGE_LOOP_ANALYSIS = YES;
				CLANG_WARN_STRICT_PROTOTYPES = YES;
				CLANG_WARN_SUSPICIOUS_MOVE = YES;
				CLANG_WARN_UNGUARDED_AVAILABILITY = YES_AGGRESSIVE;
				CLANG_WARN_UNREACHABLE_CODE = YES;
				CLANG_WARN__DUPLICATE_METHOD_MATCH = YES;
				COPY_PHASE_STRIP = NO;
				DEBUG_INFORMATION_FORMAT = dwarf;
				ENABLE_STRICT_OBJC_MSGSEND = YES;
				ENABLE_TESTABILITY = YES;
				ENABLE_USER_SCRIPT_SANDBOXING = YES;
				GCC_C_LANGUAGE_STANDARD = gnu17;
				GCC_DYNAMIC_NO_PIC = NO;
				GCC_NO_COMMON_BLOCKS = YES;
				GCC_OPTIMIZATION_LEVEL = 0;
				GCC_PREPROCESSOR_DEFINITIONS = (
					"DEBUG=1",
					"$(inherited)",
				);
				GCC_WARN_64_TO_32_BIT_CONVERSION = YES;
				GCC_WARN_ABOUT_RETURN_TYPE = YES_ERROR;
				GCC_WARN_UNDECLARED_SELECTOR = YES;
				GCC_WARN_UNINITIALIZED_AUTOS = YES_AGGRESSIVE;
				GCC_WARN_UNUSED_FUNCTION = YES;
				GCC_WARN_UNUSED_VARIABLE = YES;
				IPHONEOS_DEPLOYMENT_TARGET = 18.0;
				LOCALIZATION_PREFERS_STRING_CATALOGS = YES;
				MTL_ENABLE_DEBUG_INFO = INCLUDE_SOURCE;
				MTL_FAST_MATH = YES;
				ONLY_ACTIVE_ARCH = YES;
				SDKROOT = iphoneos;
				SWIFT_ACTIVE_COMPILATION_CONDITIONS = "DEBUG $(inherited)";
				SWIFT_OPTIMIZATION_LEVEL = "-Onone";
			};
			name = Debug;
		};
		837DAF742C33B96A008621AB /* Release */ = {
			isa = XCBuildConfiguration;
			buildSettings = {
				ALWAYS_SEARCH_USER_PATHS = NO;
				ASSETCATALOG_COMPILER_GENERATE_SWIFT_ASSET_SYMBOL_EXTENSIONS = YES;
				CLANG_ANALYZER_NONNULL = YES;
				CLANG_ANALYZER_NUMBER_OBJECT_CONVERSION = YES_AGGRESSIVE;
				CLANG_CXX_LANGUAGE_STANDARD = "gnu++20";
				CLANG_ENABLE_MODULES = YES;
				CLANG_ENABLE_OBJC_ARC = YES;
				CLANG_ENABLE_OBJC_WEAK = YES;
				CLANG_WARN_BLOCK_CAPTURE_AUTORELEASING = YES;
				CLANG_WARN_BOOL_CONVERSION = YES;
				CLANG_WARN_COMMA = YES;
				CLANG_WARN_CONSTANT_CONVERSION = YES;
				CLANG_WARN_DEPRECATED_OBJC_IMPLEMENTATIONS = YES;
				CLANG_WARN_DIRECT_OBJC_ISA_USAGE = YES_ERROR;
				CLANG_WARN_DOCUMENTATION_COMMENTS = YES;
				CLANG_WARN_EMPTY_BODY = YES;
				CLANG_WARN_ENUM_CONVERSION = YES;
				CLANG_WARN_INFINITE_RECURSION = YES;
				CLANG_WARN_INT_CONVERSION = YES;
				CLANG_WARN_NON_LITERAL_NULL_CONVERSION = YES;
				CLANG_WARN_OBJC_IMPLICIT_RETAIN_SELF = YES;
				CLANG_WARN_OBJC_LITERAL_CONVERSION = YES;
				CLANG_WARN_OBJC_ROOT_CLASS = YES_ERROR;
				CLANG_WARN_QUOTED_INCLUDE_IN_FRAMEWORK_HEADER = YES;
				CLANG_WARN_RANGE_LOOP_ANALYSIS = YES;
				CLANG_WARN_STRICT_PROTOTYPES = YES;
				CLANG_WARN_SUSPICIOUS_MOVE = YES;
				CLANG_WARN_UNGUARDED_AVAILABILITY = YES_AGGRESSIVE;
				CLANG_WARN_UNREACHABLE_CODE = YES;
				CLANG_WARN__DUPLICATE_METHOD_MATCH = YES;
				COPY_PHASE_STRIP = NO;
				DEBUG_INFORMATION_FORMAT = "dwarf-with-dsym";
				ENABLE_NS_ASSERTIONS = NO;
				ENABLE_STRICT_OBJC_MSGSEND = YES;
				ENABLE_USER_SCRIPT_SANDBOXING = YES;
				GCC_C_LANGUAGE_STANDARD = gnu17;
				GCC_NO_COMMON_BLOCKS = YES;
				GCC_WARN_64_TO_32_BIT_CONVERSION = YES;
				GCC_WARN_ABOUT_RETURN_TYPE = YES_ERROR;
				GCC_WARN_UNDECLARED_SELECTOR = YES;
				GCC_WARN_UNINITIALIZED_AUTOS = YES_AGGRESSIVE;
				GCC_WARN_UNUSED_FUNCTION = YES;
				GCC_WARN_UNUSED_VARIABLE = YES;
				IPHONEOS_DEPLOYMENT_TARGET = 18.0;
				LOCALIZATION_PREFERS_STRING_CATALOGS = YES;
				MTL_ENABLE_DEBUG_INFO = NO;
				MTL_FAST_MATH = YES;
				SDKROOT = iphoneos;
				SWIFT_COMPILATION_MODE = wholemodule;
				VALIDATE_PRODUCT = YES;
			};
			name = Release;
		};
		837DAF762C33B96A008621AB /* Debug */ = {
			isa = XCBuildConfiguration;
			buildSettings = {
				ASSETCATALOG_COMPILER_APPICON_NAME = AppIcon;
				ASSETCATALOG_COMPILER_GLOBAL_ACCENT_COLOR_NAME = AccentColor;
				CODE_SIGN_STYLE = Automatic;
				CURRENT_PROJECT_VERSION = 1;
				DEVELOPMENT_ASSET_PATHS = "\"Memorize1.0/Preview Content\"";
				DEVELOPMENT_TEAM = F3ESKKGUF8;
				ENABLE_PREVIEWS = YES;
				GENERATE_INFOPLIST_FILE = YES;
				INFOPLIST_KEY_UIApplicationSceneManifest_Generation = YES;
				INFOPLIST_KEY_UIApplicationSupportsIndirectInputEvents = YES;
				INFOPLIST_KEY_UILaunchScreen_Generation = YES;
				INFOPLIST_KEY_UISupportedInterfaceOrientations_iPad = "UIInterfaceOrientationPortrait UIInterfaceOrientationPortraitUpsideDown UIInterfaceOrientationLandscapeLeft UIInterfaceOrientationLandscapeRight";
				INFOPLIST_KEY_UISupportedInterfaceOrientations_iPhone = "UIInterfaceOrientationPortrait UIInterfaceOrientationLandscapeLeft UIInterfaceOrientationLandscapeRight";
				LD_RUNPATH_SEARCH_PATHS = (
					"$(inherited)",
					"@executable_path/Frameworks",
				);
				MARKETING_VERSION = 1.0;
				PRODUCT_BUNDLE_IDENTIFIER = "com.ardanco.Memorize1-0";
				PRODUCT_NAME = "$(TARGET_NAME)";
				SWIFT_EMIT_LOC_STRINGS = YES;
				SWIFT_VERSION = 5.0;
				TARGETED_DEVICE_FAMILY = "1,2";
			};
			name = Debug;
		};
		837DAF772C33B96A008621AB /* Release */ = {
			isa = XCBuildConfiguration;
			buildSettings = {
				ASSETCATALOG_COMPILER_APPICON_NAME = AppIcon;
				ASSETCATALOG_COMPILER_GLOBAL_ACCENT_COLOR_NAME = AccentColor;
				CODE_SIGN_STYLE = Automatic;
				CURRENT_PROJECT_VERSION = 1;
				DEVELOPMENT_ASSET_PATHS = "\"Memorize1.0/Preview Content\"";
				DEVELOPMENT_TEAM = F3ESKKGUF8;
				ENABLE_PREVIEWS = YES;
				GENERATE_INFOPLIST_FILE = YES;
				INFOPLIST_KEY_UIApplicationSceneManifest_Generation = YES;
				INFOPLIST_KEY_UIApplicationSupportsIndirectInputEvents = YES;
				INFOPLIST_KEY_UILaunchScreen_Generation = YES;
				INFOPLIST_KEY_UISupportedInterfaceOrientations_iPad = "UIInterfaceOrientationPortrait UIInterfaceOrientationPortraitUpsideDown UIInterfaceOrientationLandscapeLeft UIInterfaceOrientationLandscapeRight";
				INFOPLIST_KEY_UISupportedInterfaceOrientations_iPhone = "UIInterfaceOrientationPortrait UIInterfaceOrientationLandscapeLeft UIInterfaceOrientationLandscapeRight";
				LD_RUNPATH_SEARCH_PATHS = (
					"$(inherited)",
					"@executable_path/Frameworks",
				);
				MARKETING_VERSION = 1.0;
				PRODUCT_BUNDLE_IDENTIFIER = "com.ardanco.Memorize1-0";
				PRODUCT_NAME = "$(TARGET_NAME)";
				SWIFT_EMIT_LOC_STRINGS = YES;
				SWIFT_VERSION = 5.0;
				TARGETED_DEVICE_FAMILY = "1,2";
			};
			name = Release;
		};
		837DAF792C33B96A008621AB /* Debug */ = {
			isa = XCBuildConfiguration;
			buildSettings = {
				BUNDLE_LOADER = "$(TEST_HOST)";
				CODE_SIGN_STYLE = Automatic;
				CURRENT_PROJECT_VERSION = 1;
				DEVELOPMENT_TEAM = F3ESKKGUF8;
				GENERATE_INFOPLIST_FILE = YES;
				IPHONEOS_DEPLOYMENT_TARGET = 18.0;
				MARKETING_VERSION = 1.0;
				PRODUCT_BUNDLE_IDENTIFIER = "com.ardanco.Memorize1-0Tests";
				PRODUCT_NAME = "$(TARGET_NAME)";
				SWIFT_EMIT_LOC_STRINGS = NO;
				SWIFT_VERSION = 5.0;
				TARGETED_DEVICE_FAMILY = "1,2";
				TEST_HOST = "$(BUILT_PRODUCTS_DIR)/Memorize1.0.app/$(BUNDLE_EXECUTABLE_FOLDER_PATH)/Memorize1.0";
			};
			name = Debug;
		};
		837DAF7A2C33B96A008621AB /* Release */ = {
			isa = XCBuildConfiguration;
			buildSettings = {
				BUNDLE_LOADER = "$(TEST_HOST)";
				CODE_SIGN_STYLE = Automatic;
				CURRENT_PROJECT_VERSION = 1;
				DEVELOPMENT_TEAM = F3ESKKGUF8;
				GENERATE_INFOPLIST_FILE = YES;
				IPHONEOS_DEPLOYMENT_TARGET = 18.0;
				MARKETING_VERSION = 1.0;
				PRODUCT_BUNDLE_IDENTIFIER = "com.ardanco.Memorize1-0Tests";
				PRODUCT_NAME = "$(TARGET_NAME)";
				SWIFT_EMIT_LOC_STRINGS = NO;
				SWIFT_VERSION = 5.0;
				TARGETED_DEVICE_FAMILY = "1,2";
				TEST_HOST = "$(BUILT_PRODUCTS_DIR)/Memorize1.0.app/$(BUNDLE_EXECUTABLE_FOLDER_PATH)/Memorize1.0";
			};
			name = Release;
		};
		837DAF7C2C33B96A008621AB /* Debug */ = {
			isa = XCBuildConfiguration;
			buildSettings = {
				CODE_SIGN_STYLE = Automatic;
				CURRENT_PROJECT_VERSION = 1;
				DEVELOPMENT_TEAM = F3ESKKGUF8;
				GENERATE_INFOPLIST_FILE = YES;
				MARKETING_VERSION = 1.0;
				PRODUCT_BUNDLE_IDENTIFIER = "com.ardanco.Memorize1-0UITests";
				PRODUCT_NAME = "$(TARGET_NAME)";
				SWIFT_EMIT_LOC_STRINGS = NO;
				SWIFT_VERSION = 5.0;
				TARGETED_DEVICE_FAMILY = "1,2";
				TEST_TARGET_NAME = Memorize1.0;
			};
			name = Debug;
		};
		837DAF7D2C33B96A008621AB /* Release */ = {
			isa = XCBuildConfiguration;
			buildSettings = {
				CODE_SIGN_STYLE = Automatic;
				CURRENT_PROJECT_VERSION = 1;
				DEVELOPMENT_TEAM = F3ESKKGUF8;
				GENERATE_INFOPLIST_FILE = YES;
				MARKETING_VERSION = 1.0;
				PRODUCT_BUNDLE_IDENTIFIER = "com.ardanco.Memorize1-0UITests";
				PRODUCT_NAME = "$(TARGET_NAME)";
				SWIFT_EMIT_LOC_STRINGS = NO;
				SWIFT_VERSION = 5.0;
				TARGETED_DEVICE_FAMILY = "1,2";
				TEST_TARGET_NAME = Memorize1.0;
			};
			name = Release;
		};
/* End XCBuildConfiguration section */

/* Begin XCConfigurationList section */
		837DAF4C2C33B969008621AB /* Build configuration list for PBXProject "Memorize1.0" */ = {
			isa = XCConfigurationList;
			buildConfigurations = (
				837DAF732C33B96A008621AB /* Debug */,
				837DAF742C33B96A008621AB /* Release */,
			);
			defaultConfigurationIsVisible = 0;
			defaultConfigurationName = Release;
		};
		837DAF752C33B96A008621AB /* Build configuration list for PBXNativeTarget "Memorize1.0" */ = {
			isa = XCConfigurationList;
			buildConfigurations = (
				837DAF762C33B96A008621AB /* Debug */,
				837DAF772C33B96A008621AB /* Release */,
			);
			defaultConfigurationIsVisible = 0;
			defaultConfigurationName = Release;
		};
		837DAF782C33B96A008621AB /* Build configuration list for PBXNativeTarget "Memorize1.0Tests" */ = {
			isa = XCConfigurationList;
			buildConfigurations = (
				837DAF792C33B96A008621AB /* Debug */,
				837DAF7A2C33B96A008621AB /* Release */,
			);
			defaultConfigurationIsVisible = 0;
			defaultConfigurationName = Release;
		};
		837DAF7B2C33B96A008621AB /* Build configuration list for PBXNativeTarget "Memorize1.0UITests" */ = {
			isa = XCConfigurationList;
			buildConfigurations = (
				837DAF7C2C33B96A008621AB /* Debug */,
				837DAF7D2C33B96A008621AB /* Release */,
			);
			defaultConfigurationIsVisible = 0;
			defaultConfigurationName = Release;
		};
/* End XCConfigurationList section */
	};
	rootObject = 837DAF492C33B969008621AB /* Project object */;
}
